
Microsoft Visual Studio Solution File, Format Version 12.00
# Visual Studio Version 17
VisualStudioVersion = 17.7.34221.43
MinimumVisualStudioVersion = 10.0.40219.1
Project("{FAE04EC0-301F-11D3-BF4B-00C04F79EFBC}") = "MathCalcTest", "MathCalcTest\MathCalcTest.csproj", "{1CEFB29E-F692-483E-830C-1F0DC876FF4C}"
EndProject
Project("{FAE04EC0-301F-11D3-BF4B-00C04F79EFBC}") = "MathCalcTest.Tests", "MathCalcTest.Tests\MathCalcTest.Tests.csproj", "{CF465AF5-26C5-446F-AC57-585620E5C83E}"
EndProject
Global
	GlobalSection(SolutionConfigurationPlatforms) = preSolution
		Debug|Any CPU = Debug|Any CPU
		Release|Any CPU = Release|Any CPU
	EndGlobalSection
	GlobalSection(ProjectConfigurationPlatforms) = postSolution
		{1CEFB29E-F692-483E-830C-1F0DC876FF4C}.Debug|Any CPU.ActiveCfg = Debug|Any CPU
		{1CEFB29E-F692-483E-830C-1F0DC876FF4C}.Debug|Any CPU.Build.0 = Debug|Any CPU
		{1CEFB29E-F692-483E-830C-1F0DC876FF4C}.Release|Any CPU.ActiveCfg = Release|Any CPU
		{1CEFB29E-F692-483E-830C-1F0DC876FF4C}.Release|Any CPU.Build.0 = Release|Any CPU
		{CF465AF5-26C5-446F-AC57-585620E5C83E}.Debug|Any CPU.ActiveCfg = Debug|Any CPU
		{CF465AF5-26C5-446F-AC57-585620E5C83E}.Debug|Any CPU.Build.0 = Debug|Any CPU
		{CF465AF5-26C5-446F-AC57-585620E5C83E}.Release|Any CPU.ActiveCfg = Release|Any CPU
		{CF465AF5-26C5-446F-AC57-585620E5C83E}.Release|Any CPU.Build.0 = Release|Any CPU
	EndGlobalSection
	GlobalSection(SolutionProperties) = preSolution
		HideSolutionNode = FALSE
	EndGlobalSection
	GlobalSection(ExtensibilityGlobals) = postSolution
		SolutionGuid = {FFF4DC37-572F-4E8B-BCA1-FD13BDC52318}
	EndGlobalSection
EndGlobal
